
Microsoft Visual Studio Solution File, Format Version 12.00
# Visual Studio 15
Project("{FAE04EC0-301F-11D3-BF4B-00C04F79EFBC}") = "Assembly-CSharp", "Assembly-CSharp.csproj", "{C0F1CEA6-67D7-3749-54E0-317C3F38D7B0}"
EndProject
Project("{FAE04EC0-301F-11D3-BF4B-00C04F79EFBC}") = "Assembly-CSharp-Editor", "Assembly-CSharp-Editor.csproj", "{CD111D8C-73DF-1FE2-6E88-F2877627F86C}"
EndProject
Global
	GlobalSection(SolutionConfigurationPlatforms) = preSolution
		Debug|Any CPU = Debug|Any CPU
		Release|Any CPU = Release|Any CPU
	EndGlobalSection
	GlobalSection(ProjectConfigurationPlatforms) = postSolution
		{C0F1CEA6-67D7-3749-54E0-317C3F38D7B0}.Debug|Any CPU.ActiveCfg = Debug|Any CPU
		{C0F1CEA6-67D7-3749-54E0-317C3F38D7B0}.Debug|Any CPU.Build.0 = Debug|Any CPU
		{C0F1CEA6-67D7-3749-54E0-317C3F38D7B0}.Release|Any CPU.ActiveCfg = Release|Any CPU
		{C0F1CEA6-67D7-3749-54E0-317C3F38D7B0}.Release|Any CPU.Build.0 = Release|Any CPU
		{CD111D8C-73DF-1FE2-6E88-F2877627F86C}.Debug|Any CPU.ActiveCfg = Debug|Any CPU
		{CD111D8C-73DF-1FE2-6E88-F2877627F86C}.Debug|Any CPU.Build.0 = Debug|Any CPU
		{CD111D8C-73DF-1FE2-6E88-F2877627F86C}.Release|Any CPU.ActiveCfg = Release|Any CPU
		{CD111D8C-73DF-1FE2-6E88-F2877627F86C}.Release|Any CPU.Build.0 = Release|Any CPU
	EndGlobalSection
	GlobalSection(SolutionProperties) = preSolution
		HideSolutionNode = FALSE
	EndGlobalSection
EndGlobal
